
Microsoft Visual Studio Solution File, Format Version 12.00
# Visual Studio Version 17
VisualStudioVersion = 17.3.32922.545
MinimumVisualStudioVersion = 10.0.40219.1
Project("{FAE04EC0-301F-11D3-BF4B-00C04F79EFBC}") = "testBot", "testBot.csproj", "{66E8F1D6-5647-4450-B762-7538A2B372EA}"
EndProject
Global
	GlobalSection(SolutionConfigurationPlatforms) = preSolution
		Debug|Any CPU = Debug|Any CPU
		Release|Any CPU = Release|Any CPU
	EndGlobalSection
	GlobalSection(ProjectConfigurationPlatforms) = postSolution
		{66E8F1D6-5647-4450-B762-7538A2B372EA}.Debug|Any CPU.ActiveCfg = Debug|Any CPU
		{66E8F1D6-5647-4450-B762-7538A2B372EA}.Debug|Any CPU.Build.0 = Debug|Any CPU
		{66E8F1D6-5647-4450-B762-7538A2B372EA}.Release|Any CPU.ActiveCfg = Release|Any CPU
		{66E8F1D6-5647-4450-B762-7538A2B372EA}.Release|Any CPU.Build.0 = Release|Any CPU
	EndGlobalSection
	GlobalSection(SolutionProperties) = preSolution
		HideSolutionNode = FALSE
	EndGlobalSection
	GlobalSection(ExtensibilityGlobals) = postSolution
		SolutionGuid = {C1E49F74-4736-44DD-A7AB-AB245ECA4862}
	EndGlobalSection
EndGlobal
